// !$*UTF8*$!
{
	archiveVersion = 1;
	classes = {
	};
	objectVersion = 56;
	objects = {

/* Begin PBXBuildFile section */
		2208BC7F2972B8CC003EB2D3 /* CountryCellView.swift in Sources */ = {isa = PBXBuildFile; fileRef = 2208BC7E2972B8CC003EB2D3 /* CountryCellView.swift */; };
		2208BC812972D70D003EB2D3 /* CountryDetailView.swift in Sources */ = {isa = PBXBuildFile; fileRef = 2208BC802972D70D003EB2D3 /* CountryDetailView.swift */; };
		22256AE8296CB7510023B9B6 /* countries.json in Resources */ = {isa = PBXBuildFile; fileRef = 22256AE7296CB7510023B9B6 /* countries.json */; };
		22256AEA296CB80D0023B9B6 /* CountriesListView.swift in Sources */ = {isa = PBXBuildFile; fileRef = 22256AE9296CB80D0023B9B6 /* CountriesListView.swift */; };
		228969A7295E252D006D4D89 /* CountriesApp.swift in Sources */ = {isa = PBXBuildFile; fileRef = 228969A6295E252D006D4D89 /* CountriesApp.swift */; };
		228969A9295E252D006D4D89 /* ContentView.swift in Sources */ = {isa = PBXBuildFile; fileRef = 228969A8295E252D006D4D89 /* ContentView.swift */; };
		228969AB295E252F006D4D89 /* Assets.xcassets in Resources */ = {isa = PBXBuildFile; fileRef = 228969AA295E252F006D4D89 /* Assets.xcassets */; };
		228969AF295E252F006D4D89 /* Preview Assets.xcassets in Resources */ = {isa = PBXBuildFile; fileRef = 228969AE295E252F006D4D89 /* Preview Assets.xcassets */; };
		228969B9295E252F006D4D89 /* CountriesTests.swift in Sources */ = {isa = PBXBuildFile; fileRef = 228969B8295E252F006D4D89 /* CountriesTests.swift */; };
		228969C3295E252F006D4D89 /* CountriesUITests.swift in Sources */ = {isa = PBXBuildFile; fileRef = 228969C2295E252F006D4D89 /* CountriesUITests.swift */; };
		228969C5295E252F006D4D89 /* CountriesUITestsLaunchTests.swift in Sources */ = {isa = PBXBuildFile; fileRef = 228969C4295E252F006D4D89 /* CountriesUITestsLaunchTests.swift */; };
		228969D3295E25C7006D4D89 /* Country.swift in Sources */ = {isa = PBXBuildFile; fileRef = 228969D2295E25C7006D4D89 /* Country.swift */; };
		22899B4C296DED5500BAE90B /* CodeableBundleExtension.swift in Sources */ = {isa = PBXBuildFile; fileRef = 22899B4B296DED5500BAE90B /* CodeableBundleExtension.swift */; };
		22899B502970ACD600BAE90B /* CountryViewModel.swift in Sources */ = {isa = PBXBuildFile; fileRef = 22899B4F2970ACD600BAE90B /* CountryViewModel.swift */; };
/* End PBXBuildFile section */

/* Begin PBXContainerItemProxy section */
		228969B5295E252F006D4D89 /* PBXContainerItemProxy */ = {
			isa = PBXContainerItemProxy;
			containerPortal = 2289699B295E252D006D4D89 /* Project object */;
			proxyType = 1;
			remoteGlobalIDString = 228969A2295E252D006D4D89;
			remoteInfo = Countries;
		};
		228969BF295E252F006D4D89 /* PBXContainerItemProxy */ = {
			isa = PBXContainerItemProxy;
			containerPortal = 2289699B295E252D006D4D89 /* Project object */;
			proxyType = 1;
			remoteGlobalIDString = 228969A2295E252D006D4D89;
			remoteInfo = Countries;
		};
/* End PBXContainerItemProxy section */

/* Begin PBXFileReference section */
		2208BC7E2972B8CC003EB2D3 /* CountryCellView.swift */ = {isa = PBXFileReference; lastKnownFileType = sourcecode.swift; path = CountryCellView.swift; sourceTree = "<group>"; };
		2208BC802972D70D003EB2D3 /* CountryDetailView.swift */ = {isa = PBXFileReference; lastKnownFileType = sourcecode.swift; path = CountryDetailView.swift; sourceTree = "<group>"; };
		22256AE7296CB7510023B9B6 /* countries.json */ = {isa = PBXFileReference; fileEncoding = 4; lastKnownFileType = text.json; path = countries.json; sourceTree = "<group>"; };
		22256AE9296CB80D0023B9B6 /* CountriesListView.swift */ = {isa = PBXFileReference; lastKnownFileType = sourcecode.swift; path = CountriesListView.swift; sourceTree = "<group>"; };
		228969A3295E252D006D4D89 /* Countries.app */ = {isa = PBXFileReference; explicitFileType = wrapper.application; includeInIndex = 0; path = Countries.app; sourceTree = BUILT_PRODUCTS_DIR; };
		228969A6295E252D006D4D89 /* CountriesApp.swift */ = {isa = PBXFileReference; lastKnownFileType = sourcecode.swift; path = CountriesApp.swift; sourceTree = "<group>"; };
		228969A8295E252D006D4D89 /* ContentView.swift */ = {isa = PBXFileReference; lastKnownFileType = sourcecode.swift; path = ContentView.swift; sourceTree = "<group>"; };
		228969AA295E252F006D4D89 /* Assets.xcassets */ = {isa = PBXFileReference; lastKnownFileType = folder.assetcatalog; path = Assets.xcassets; sourceTree = "<group>"; };
		228969AC295E252F006D4D89 /* Countries.entitlements */ = {isa = PBXFileReference; lastKnownFileType = text.plist.entitlements; path = Countries.entitlements; sourceTree = "<group>"; };
		228969AE295E252F006D4D89 /* Preview Assets.xcassets */ = {isa = PBXFileReference; lastKnownFileType = folder.assetcatalog; path = "Preview Assets.xcassets"; sourceTree = "<group>"; };
		228969B4295E252F006D4D89 /* CountriesTests.xctest */ = {isa = PBXFileReference; explicitFileType = wrapper.cfbundle; includeInIndex = 0; path = CountriesTests.xctest; sourceTree = BUILT_PRODUCTS_DIR; };
		228969B8295E252F006D4D89 /* CountriesTests.swift */ = {isa = PBXFileReference; lastKnownFileType = sourcecode.swift; path = CountriesTests.swift; sourceTree = "<group>"; };
		228969BE295E252F006D4D89 /* CountriesUITests.xctest */ = {isa = PBXFileReference; explicitFileType = wrapper.cfbundle; includeInIndex = 0; path = CountriesUITests.xctest; sourceTree = BUILT_PRODUCTS_DIR; };
		228969C2295E252F006D4D89 /* CountriesUITests.swift */ = {isa = PBXFileReference; lastKnownFileType = sourcecode.swift; path = CountriesUITests.swift; sourceTree = "<group>"; };
		228969C4295E252F006D4D89 /* CountriesUITestsLaunchTests.swift */ = {isa = PBXFileReference; lastKnownFileType = sourcecode.swift; path = CountriesUITestsLaunchTests.swift; sourceTree = "<group>"; };
		228969D2295E25C7006D4D89 /* Country.swift */ = {isa = PBXFileReference; lastKnownFileType = sourcecode.swift; path = Country.swift; sourceTree = "<group>"; };
		22899B4B296DED5500BAE90B /* CodeableBundleExtension.swift */ = {isa = PBXFileReference; lastKnownFileType = sourcecode.swift; path = CodeableBundleExtension.swift; sourceTree = "<group>"; };
		22899B4F2970ACD600BAE90B /* CountryViewModel.swift */ = {isa = PBXFileReference; lastKnownFileType = sourcecode.swift; path = CountryViewModel.swift; sourceTree = "<group>"; };
/* End PBXFileReference section */

/* Begin PBXFrameworksBuildPhase section */
		228969A0295E252D006D4D89 /* Frameworks */ = {
			isa = PBXFrameworksBuildPhase;
			buildActionMask = 2147483647;
			files = (
			);
			runOnlyForDeploymentPostprocessing = 0;
		};
		228969B1295E252F006D4D89 /* Frameworks */ = {
			isa = PBXFrameworksBuildPhase;
			buildActionMask = 2147483647;
			files = (
			);
			runOnlyForDeploymentPostprocessing = 0;
		};
		228969BB295E252F006D4D89 /* Frameworks */ = {
			isa = PBXFrameworksBuildPhase;
			buildActionMask = 2147483647;
			files = (
			);
			runOnlyForDeploymentPostprocessing = 0;
		};
/* End PBXFrameworksBuildPhase section */

/* Begin PBXGroup section */
		2289699A295E252D006D4D89 = {
			isa = PBXGroup;
			children = (
				228969A5295E252D006D4D89 /* Countries */,
				228969B7295E252F006D4D89 /* CountriesTests */,
				228969C1295E252F006D4D89 /* CountriesUITests */,
				228969A4295E252D006D4D89 /* Products */,
			);
			sourceTree = "<group>";
		};
		228969A4295E252D006D4D89 /* Products */ = {
			isa = PBXGroup;
			children = (
				228969A3295E252D006D4D89 /* Countries.app */,
				228969B4295E252F006D4D89 /* CountriesTests.xctest */,
				228969BE295E252F006D4D89 /* CountriesUITests.xctest */,
			);
			name = Products;
			sourceTree = "<group>";
		};
		228969A5295E252D006D4D89 /* Countries */ = {
			isa = PBXGroup;
			children = (
				22899B4A296DED3A00BAE90B /* Extension */,
				22256AE7296CB7510023B9B6 /* countries.json */,
				228969D5295E2D97006D4D89 /* UI */,
				228969D1295E25B0006D4D89 /* Models */,
				228969A6295E252D006D4D89 /* CountriesApp.swift */,
				228969A8295E252D006D4D89 /* ContentView.swift */,
				228969AA295E252F006D4D89 /* Assets.xcassets */,
				228969AC295E252F006D4D89 /* Countries.entitlements */,
				228969AD295E252F006D4D89 /* Preview Content */,
			);
			path = Countries;
			sourceTree = "<group>";
		};
		228969AD295E252F006D4D89 /* Preview Content */ = {
			isa = PBXGroup;
			children = (
				228969AE295E252F006D4D89 /* Preview Assets.xcassets */,
			);
			path = "Preview Content";
			sourceTree = "<group>";
		};
		228969B7295E252F006D4D89 /* CountriesTests */ = {
			isa = PBXGroup;
			children = (
				228969B8295E252F006D4D89 /* CountriesTests.swift */,
			);
			path = CountriesTests;
			sourceTree = "<group>";
		};
		228969C1295E252F006D4D89 /* CountriesUITests */ = {
			isa = PBXGroup;
			children = (
				228969C2295E252F006D4D89 /* CountriesUITests.swift */,
				228969C4295E252F006D4D89 /* CountriesUITestsLaunchTests.swift */,
			);
			path = CountriesUITests;
			sourceTree = "<group>";
		};
		228969D1295E25B0006D4D89 /* Models */ = {
			isa = PBXGroup;
			children = (
				228969D2295E25C7006D4D89 /* Country.swift */,
				22899B4F2970ACD600BAE90B /* CountryViewModel.swift */,
			);
			path = Models;
			sourceTree = "<group>";
		};
		228969D5295E2D97006D4D89 /* UI */ = {
			isa = PBXGroup;
			children = (
				228969D7295E2DAD006D4D89 /* Screens */,
				228969D6295E2DA2006D4D89 /* Components */,
			);
			path = UI;
			sourceTree = "<group>";
		};
		228969D6295E2DA2006D4D89 /* Components */ = {
			isa = PBXGroup;
			children = (
				2208BC7E2972B8CC003EB2D3 /* CountryCellView.swift */,
			);
			path = Components;
			sourceTree = "<group>";
		};
		228969D7295E2DAD006D4D89 /* Screens */ = {
			isa = PBXGroup;
			children = (
				22256AE9296CB80D0023B9B6 /* CountriesListView.swift */,
				2208BC802972D70D003EB2D3 /* CountryDetailView.swift */,
			);
			path = Screens;
			sourceTree = "<group>";
		};
		22899B4A296DED3A00BAE90B /* Extension */ = {
			isa = PBXGroup;
			children = (
				22899B4B296DED5500BAE90B /* CodeableBundleExtension.swift */,
			);
			path = Extension;
			sourceTree = "<group>";
		};
/* End PBXGroup section */

/* Begin PBXNativeTarget section */
		228969A2295E252D006D4D89 /* Countries */ = {
			isa = PBXNativeTarget;
			buildConfigurationList = 228969C8295E252F006D4D89 /* Build configuration list for PBXNativeTarget "Countries" */;
			buildPhases = (
				2289699F295E252D006D4D89 /* Sources */,
				228969A0295E252D006D4D89 /* Frameworks */,
				228969A1295E252D006D4D89 /* Resources */,
				228969D4295E25F6006D4D89 /* ShellScript */,
			);
			buildRules = (
			);
			dependencies = (
			);
			name = Countries;
			productName = Countries;
			productReference = 228969A3295E252D006D4D89 /* Countries.app */;
			productType = "com.apple.product-type.application";
		};
		228969B3295E252F006D4D89 /* CountriesTests */ = {
			isa = PBXNativeTarget;
			buildConfigurationList = 228969CB295E252F006D4D89 /* Build configuration list for PBXNativeTarget "CountriesTests" */;
			buildPhases = (
				228969B0295E252F006D4D89 /* Sources */,
				228969B1295E252F006D4D89 /* Frameworks */,
				228969B2295E252F006D4D89 /* Resources */,
			);
			buildRules = (
			);
			dependencies = (
				228969B6295E252F006D4D89 /* PBXTargetDependency */,
			);
			name = CountriesTests;
			productName = CountriesTests;
			productReference = 228969B4295E252F006D4D89 /* CountriesTests.xctest */;
			productType = "com.apple.product-type.bundle.unit-test";
		};
		228969BD295E252F006D4D89 /* CountriesUITests */ = {
			isa = PBXNativeTarget;
			buildConfigurationList = 228969CE295E252F006D4D89 /* Build configuration list for PBXNativeTarget "CountriesUITests" */;
			buildPhases = (
				228969BA295E252F006D4D89 /* Sources */,
				228969BB295E252F006D4D89 /* Frameworks */,
				228969BC295E252F006D4D89 /* Resources */,
			);
			buildRules = (
			);
			dependencies = (
				228969C0295E252F006D4D89 /* PBXTargetDependency */,
			);
			name = CountriesUITests;
			productName = CountriesUITests;
			productReference = 228969BE295E252F006D4D89 /* CountriesUITests.xctest */;
			productType = "com.apple.product-type.bundle.ui-testing";
		};
/* End PBXNativeTarget section */

/* Begin PBXProject section */
		2289699B295E252D006D4D89 /* Project object */ = {
			isa = PBXProject;
			attributes = {
				BuildIndependentTargetsInParallel = 1;
				LastSwiftUpdateCheck = 1420;
				LastUpgradeCheck = 1420;
				TargetAttributes = {
					228969A2295E252D006D4D89 = {
						CreatedOnToolsVersion = 14.2;
					};
					228969B3295E252F006D4D89 = {
						CreatedOnToolsVersion = 14.2;
						TestTargetID = 228969A2295E252D006D4D89;
					};
					228969BD295E252F006D4D89 = {
						CreatedOnToolsVersion = 14.2;
						TestTargetID = 228969A2295E252D006D4D89;
					};
				};
			};
			buildConfigurationList = 2289699E295E252D006D4D89 /* Build configuration list for PBXProject "Countries" */;
			compatibilityVersion = "Xcode 14.0";
			developmentRegion = en;
			hasScannedForEncodings = 0;
			knownRegions = (
				en,
				Base,
			);
			mainGroup = 2289699A295E252D006D4D89;
			productRefGroup = 228969A4295E252D006D4D89 /* Products */;
			projectDirPath = "";
			projectRoot = "";
			targets = (
				228969A2295E252D006D4D89 /* Countries */,
				228969B3295E252F006D4D89 /* CountriesTests */,
				228969BD295E252F006D4D89 /* CountriesUITests */,
			);
		};
/* End PBXProject section */

/* Begin PBXResourcesBuildPhase section */
		228969A1295E252D006D4D89 /* Resources */ = {
			isa = PBXResourcesBuildPhase;
			buildActionMask = 2147483647;
			files = (
				22256AE8296CB7510023B9B6 /* countries.json in Resources */,
				228969AF295E252F006D4D89 /* Preview Assets.xcassets in Resources */,
				228969AB295E252F006D4D89 /* Assets.xcassets in Resources */,
			);
			runOnlyForDeploymentPostprocessing = 0;
		};
		228969B2295E252F006D4D89 /* Resources */ = {
			isa = PBXResourcesBuildPhase;
			buildActionMask = 2147483647;
			files = (
			);
			runOnlyForDeploymentPostprocessing = 0;
		};
		228969BC295E252F006D4D89 /* Resources */ = {
			isa = PBXResourcesBuildPhase;
			buildActionMask = 2147483647;
			files = (
			);
			runOnlyForDeploymentPostprocessing = 0;
		};
/* End PBXResourcesBuildPhase section */

/* Begin PBXShellScriptBuildPhase section */
		228969D4295E25F6006D4D89 /* ShellScript */ = {
			isa = PBXShellScriptBuildPhase;
			buildActionMask = 2147483647;
			files = (
			);
			inputFileListPaths = (
			);
			inputPaths = (
			);
			outputFileListPaths = (
			);
			outputPaths = (
			);
			runOnlyForDeploymentPostprocessing = 0;
			shellPath = /bin/sh;
			shellScript = "if which swiftlint >/dev/null; then\n  swiftlint\nelse\n  echo \"warning: SwiftLint not installed, download from https://github.com/realm/SwiftLint\"\nfi\n";
		};
/* End PBXShellScriptBuildPhase section */

/* Begin PBXSourcesBuildPhase section */
		2289699F295E252D006D4D89 /* Sources */ = {
			isa = PBXSourcesBuildPhase;
			buildActionMask = 2147483647;
			files = (
				22899B4C296DED5500BAE90B /* CodeableBundleExtension.swift in Sources */,
				228969A9295E252D006D4D89 /* ContentView.swift in Sources */,
				22256AEA296CB80D0023B9B6 /* CountriesListView.swift in Sources */,
				22899B502970ACD600BAE90B /* CountryViewModel.swift in Sources */,
				2208BC812972D70D003EB2D3 /* CountryDetailView.swift in Sources */,
				228969D3295E25C7006D4D89 /* Country.swift in Sources */,
				228969A7295E252D006D4D89 /* CountriesApp.swift in Sources */,
				2208BC7F2972B8CC003EB2D3 /* CountryCellView.swift in Sources */,
			);
			runOnlyForDeploymentPostprocessing = 0;
		};
		228969B0295E252F006D4D89 /* Sources */ = {
			isa = PBXSourcesBuildPhase;
			buildActionMask = 2147483647;
			files = (
				228969B9295E252F006D4D89 /* CountriesTests.swift in Sources */,
			);
			runOnlyForDeploymentPostprocessing = 0;
		};
		228969BA295E252F006D4D89 /* Sources */ = {
			isa = PBXSourcesBuildPhase;
			buildActionMask = 2147483647;
			files = (
				228969C3295E252F006D4D89 /* CountriesUITests.swift in Sources */,
				228969C5295E252F006D4D89 /* CountriesUITestsLaunchTests.swift in Sources */,
			);
			runOnlyForDeploymentPostprocessing = 0;
		};
/* End PBXSourcesBuildPhase section */

/* Begin PBXTargetDependency section */
		228969B6295E252F006D4D89 /* PBXTargetDependency */ = {
			isa = PBXTargetDependency;
			target = 228969A2295E252D006D4D89 /* Countries */;
			targetProxy = 228969B5295E252F006D4D89 /* PBXContainerItemProxy */;
		};
		228969C0295E252F006D4D89 /* PBXTargetDependency */ = {
			isa = PBXTargetDependency;
			target = 228969A2295E252D006D4D89 /* Countries */;
			targetProxy = 228969BF295E252F006D4D89 /* PBXContainerItemProxy */;
		};
/* End PBXTargetDependency section */

/* Begin XCBuildConfiguration section */
		228969C6295E252F006D4D89 /* Debug */ = {
			isa = XCBuildConfiguration;
			buildSettings = {
				ALWAYS_SEARCH_USER_PATHS = NO;
				CLANG_ANALYZER_NONNULL = YES;
				CLANG_ANALYZER_NUMBER_OBJECT_CONVERSION = YES_AGGRESSIVE;
				CLANG_CXX_LANGUAGE_STANDARD = "gnu++20";
				CLANG_ENABLE_MODULES = YES;
				CLANG_ENABLE_OBJC_ARC = YES;
				CLANG_ENABLE_OBJC_WEAK = YES;
				CLANG_WARN_BLOCK_CAPTURE_AUTORELEASING = YES;
				CLANG_WARN_BOOL_CONVERSION = YES;
				CLANG_WARN_COMMA = YES;
				CLANG_WARN_CONSTANT_CONVERSION = YES;
				CLANG_WARN_DEPRECATED_OBJC_IMPLEMENTATIONS = YES;
				CLANG_WARN_DIRECT_OBJC_ISA_USAGE = YES_ERROR;
				CLANG_WARN_DOCUMENTATION_COMMENTS = YES;
				CLANG_WARN_EMPTY_BODY = YES;
				CLANG_WARN_ENUM_CONVERSION = YES;
				CLANG_WARN_INFINITE_RECURSION = YES;
				CLANG_WARN_INT_CONVERSION = YES;
				CLANG_WARN_NON_LITERAL_NULL_CONVERSION = YES;
				CLANG_WARN_OBJC_IMPLICIT_RETAIN_SELF = YES;
				CLANG_WARN_OBJC_LITERAL_CONVERSION = YES;
				CLANG_WARN_OBJC_ROOT_CLASS = YES_ERROR;
				CLANG_WARN_QUOTED_INCLUDE_IN_FRAMEWORK_HEADER = YES;
				CLANG_WARN_RANGE_LOOP_ANALYSIS = YES;
				CLANG_WARN_STRICT_PROTOTYPES = YES;
				CLANG_WARN_SUSPICIOUS_MOVE = YES;
				CLANG_WARN_UNGUARDED_AVAILABILITY = YES_AGGRESSIVE;
				CLANG_WARN_UNREACHABLE_CODE = YES;
				CLANG_WARN__DUPLICATE_METHOD_MATCH = YES;
				COPY_PHASE_STRIP = NO;
				DEBUG_INFORMATION_FORMAT = dwarf;
				ENABLE_STRICT_OBJC_MSGSEND = YES;
				ENABLE_TESTABILITY = YES;
				GCC_C_LANGUAGE_STANDARD = gnu11;
				GCC_DYNAMIC_NO_PIC = NO;
				GCC_NO_COMMON_BLOCKS = YES;
				GCC_OPTIMIZATION_LEVEL = 0;
				GCC_PREPROCESSOR_DEFINITIONS = (
					"DEBUG=1",
					"$(inherited)",
				);
				GCC_WARN_64_TO_32_BIT_CONVERSION = YES;
				GCC_WARN_ABOUT_RETURN_TYPE = YES_ERROR;
				GCC_WARN_UNDECLARED_SELECTOR = YES;
				GCC_WARN_UNINITIALIZED_AUTOS = YES_AGGRESSIVE;
				GCC_WARN_UNUSED_FUNCTION = YES;
				GCC_WARN_UNUSED_VARIABLE = YES;
				MTL_ENABLE_DEBUG_INFO = INCLUDE_SOURCE;
				MTL_FAST_MATH = YES;
				ONLY_ACTIVE_ARCH = YES;
				SWIFT_ACTIVE_COMPILATION_CONDITIONS = DEBUG;
				SWIFT_OPTIMIZATION_LEVEL = "-Onone";
			};
			name = Debug;
		};
		228969C7295E252F006D4D89 /* Release */ = {
			isa = XCBuildConfiguration;
			buildSettings = {
				ALWAYS_SEARCH_USER_PATHS = NO;
				CLANG_ANALYZER_NONNULL = YES;
				CLANG_ANALYZER_NUMBER_OBJECT_CONVERSION = YES_AGGRESSIVE;
				CLANG_CXX_LANGUAGE_STANDARD = "gnu++20";
				CLANG_ENABLE_MODULES = YES;
				CLANG_ENABLE_OBJC_ARC = YES;
				CLANG_ENABLE_OBJC_WEAK = YES;
				CLANG_WARN_BLOCK_CAPTURE_AUTORELEASING = YES;
				CLANG_WARN_BOOL_CONVERSION = YES;
				CLANG_WARN_COMMA = YES;
				CLANG_WARN_CONSTANT_CONVERSION = YES;
				CLANG_WARN_DEPRECATED_OBJC_IMPLEMENTATIONS = YES;
				CLANG_WARN_DIRECT_OBJC_ISA_USAGE = YES_ERROR;
				CLANG_WARN_DOCUMENTATION_COMMENTS = YES;
				CLANG_WARN_EMPTY_BODY = YES;
				CLANG_WARN_ENUM_CONVERSION = YES;
				CLANG_WARN_INFINITE_RECURSION = YES;
				CLANG_WARN_INT_CONVERSION = YES;
				CLANG_WARN_NON_LITERAL_NULL_CONVERSION = YES;
				CLANG_WARN_OBJC_IMPLICIT_RETAIN_SELF = YES;
				CLANG_WARN_OBJC_LITERAL_CONVERSION = YES;
				CLANG_WARN_OBJC_ROOT_CLASS = YES_ERROR;
				CLANG_WARN_QUOTED_INCLUDE_IN_FRAMEWORK_HEADER = YES;
				CLANG_WARN_RANGE_LOOP_ANALYSIS = YES;
				CLANG_WARN_STRICT_PROTOTYPES = YES;
				CLANG_WARN_SUSPICIOUS_MOVE = YES;
				CLANG_WARN_UNGUARDED_AVAILABILITY = YES_AGGRESSIVE;
				CLANG_WARN_UNREACHABLE_CODE = YES;
				CLANG_WARN__DUPLICATE_METHOD_MATCH = YES;
				COPY_PHASE_STRIP = NO;
				DEBUG_INFORMATION_FORMAT = "dwarf-with-dsym";
				ENABLE_NS_ASSERTIONS = NO;
				ENABLE_STRICT_OBJC_MSGSEND = YES;
				GCC_C_LANGUAGE_STANDARD = gnu11;
				GCC_NO_COMMON_BLOCKS = YES;
				GCC_WARN_64_TO_32_BIT_CONVERSION = YES;
				GCC_WARN_ABOUT_RETURN_TYPE = YES_ERROR;
				GCC_WARN_UNDECLARED_SELECTOR = YES;
				GCC_WARN_UNINITIALIZED_AUTOS = YES_AGGRESSIVE;
				GCC_WARN_UNUSED_FUNCTION = YES;
				GCC_WARN_UNUSED_VARIABLE = YES;
				MTL_ENABLE_DEBUG_INFO = NO;
				MTL_FAST_MATH = YES;
				SWIFT_COMPILATION_MODE = wholemodule;
				SWIFT_OPTIMIZATION_LEVEL = "-O";
			};
			name = Release;
		};
		228969C9295E252F006D4D89 /* Debug */ = {
			isa = XCBuildConfiguration;
			buildSettings = {
				ASSETCATALOG_COMPILER_APPICON_NAME = AppIcon;
				ASSETCATALOG_COMPILER_GLOBAL_ACCENT_COLOR_NAME = AccentColor;
				CODE_SIGN_ENTITLEMENTS = Countries/Countries.entitlements;
				CODE_SIGN_STYLE = Automatic;
				CURRENT_PROJECT_VERSION = 1;
				DEVELOPMENT_ASSET_PATHS = "\"Countries/Preview Content\"";
				DEVELOPMENT_TEAM = XGM98P9V33;
				ENABLE_HARDENED_RUNTIME = YES;
				ENABLE_PREVIEWS = YES;
				GENERATE_INFOPLIST_FILE = YES;
				"INFOPLIST_KEY_UIApplicationSceneManifest_Generation[sdk=iphoneos*]" = YES;
				"INFOPLIST_KEY_UIApplicationSceneManifest_Generation[sdk=iphonesimulator*]" = YES;
				"INFOPLIST_KEY_UIApplicationSupportsIndirectInputEvents[sdk=iphoneos*]" = YES;
				"INFOPLIST_KEY_UIApplicationSupportsIndirectInputEvents[sdk=iphonesimulator*]" = YES;
				"INFOPLIST_KEY_UILaunchScreen_Generation[sdk=iphoneos*]" = YES;
				"INFOPLIST_KEY_UILaunchScreen_Generation[sdk=iphonesimulator*]" = YES;
				"INFOPLIST_KEY_UIStatusBarStyle[sdk=iphoneos*]" = UIStatusBarStyleDefault;
				"INFOPLIST_KEY_UIStatusBarStyle[sdk=iphonesimulator*]" = UIStatusBarStyleDefault;
				INFOPLIST_KEY_UISupportedInterfaceOrientations_iPad = "UIInterfaceOrientationPortrait UIInterfaceOrientationPortraitUpsideDown UIInterfaceOrientationLandscapeLeft UIInterfaceOrientationLandscapeRight";
				INFOPLIST_KEY_UISupportedInterfaceOrientations_iPhone = "UIInterfaceOrientationPortrait UIInterfaceOrientationLandscapeLeft UIInterfaceOrientationLandscapeRight";
				IPHONEOS_DEPLOYMENT_TARGET = 16.2;
				LD_RUNPATH_SEARCH_PATHS = "@executable_path/Frameworks";
				"LD_RUNPATH_SEARCH_PATHS[sdk=macosx*]" = "@executable_path/../Frameworks";
				MACOSX_DEPLOYMENT_TARGET = 13.1;
				MARKETING_VERSION = 1.0;
				PRODUCT_BUNDLE_IDENTIFIER = com.bennerbr.Countries;
				PRODUCT_NAME = "$(TARGET_NAME)";
				SDKROOT = auto;
				SUPPORTED_PLATFORMS = "iphoneos iphonesimulator macosx";
				SWIFT_EMIT_LOC_STRINGS = YES;
				SWIFT_VERSION = 5.0;
				TARGETED_DEVICE_FAMILY = "1,2";
			};
			name = Debug;
		};
		228969CA295E252F006D4D89 /* Release */ = {
			isa = XCBuildConfiguration;
			buildSettings = {
				ASSETCATALOG_COMPILER_APPICON_NAME = AppIcon;
				ASSETCATALOG_COMPILER_GLOBAL_ACCENT_COLOR_NAME = AccentColor;
				CODE_SIGN_ENTITLEMENTS = Countries/Countries.entitlements;
				CODE_SIGN_STYLE = Automatic;
				CURRENT_PROJECT_VERSION = 1;
				DEVELOPMENT_ASSET_PATHS = "\"Countries/Preview Content\"";
				DEVELOPMENT_TEAM = XGM98P9V33;
				ENABLE_HARDENED_RUNTIME = YES;
				ENABLE_PREVIEWS = YES;
				GENERATE_INFOPLIST_FILE = YES;
				"INFOPLIST_KEY_UIApplicationSceneManifest_Generation[sdk=iphoneos*]" = YES;
				"INFOPLIST_KEY_UIApplicationSceneManifest_Generation[sdk=iphonesimulator*]" = YES;
				"INFOPLIST_KEY_UIApplicationSupportsIndirectInputEvents[sdk=iphoneos*]" = YES;
				"INFOPLIST_KEY_UIApplicationSupportsIndirectInputEvents[sdk=iphonesimulator*]" = YES;
				"INFOPLIST_KEY_UILaunchScreen_Generation[sdk=iphoneos*]" = YES;
				"INFOPLIST_KEY_UILaunchScreen_Generation[sdk=iphonesimulator*]" = YES;
				"INFOPLIST_KEY_UIStatusBarStyle[sdk=iphoneos*]" = UIStatusBarStyleDefault;
				"INFOPLIST_KEY_UIStatusBarStyle[sdk=iphonesimulator*]" = UIStatusBarStyleDefault;
				INFOPLIST_KEY_UISupportedInterfaceOrientations_iPad = "UIInterfaceOrientationPortrait UIInterfaceOrientationPortraitUpsideDown UIInterfaceOrientationLandscapeLeft UIInterfaceOrientationLandscapeRight";
				INFOPLIST_KEY_UISupportedInterfaceOrientations_iPhone = "UIInterfaceOrientationPortrait UIInterfaceOrientationLandscapeLeft UIInterfaceOrientationLandscapeRight";
				IPHONEOS_DEPLOYMENT_TARGET = 16.2;
				LD_RUNPATH_SEARCH_PATHS = "@executable_path/Frameworks";
				"LD_RUNPATH_SEARCH_PATHS[sdk=macosx*]" = "@executable_path/../Frameworks";
				MACOSX_DEPLOYMENT_TARGET = 13.1;
				MARKETING_VERSION = 1.0;
				PRODUCT_BUNDLE_IDENTIFIER = com.bennerbr.Countries;
				PRODUCT_NAME = "$(TARGET_NAME)";
				SDKROOT = auto;
				SUPPORTED_PLATFORMS = "iphoneos iphonesimulator macosx";
				SWIFT_EMIT_LOC_STRINGS = YES;
				SWIFT_VERSION = 5.0;
				TARGETED_DEVICE_FAMILY = "1,2";
			};
			name = Release;
		};
		228969CC295E252F006D4D89 /* Debug */ = {
			isa = XCBuildConfiguration;
			buildSettings = {
				ALWAYS_EMBED_SWIFT_STANDARD_LIBRARIES = YES;
				BUNDLE_LOADER = "$(TEST_HOST)";
				CODE_SIGN_STYLE = Automatic;
				CURRENT_PROJECT_VERSION = 1;
				DEVELOPMENT_TEAM = XGM98P9V33;
				GENERATE_INFOPLIST_FILE = YES;
				IPHONEOS_DEPLOYMENT_TARGET = 16.2;
				MACOSX_DEPLOYMENT_TARGET = 13.1;
				MARKETING_VERSION = 1.0;
				PRODUCT_BUNDLE_IDENTIFIER = com.bennerbr.CountriesTests;
				PRODUCT_NAME = "$(TARGET_NAME)";
				SDKROOT = auto;
				SUPPORTED_PLATFORMS = "iphoneos iphonesimulator macosx";
				SWIFT_EMIT_LOC_STRINGS = NO;
				SWIFT_VERSION = 5.0;
				TARGETED_DEVICE_FAMILY = "1,2";
				TEST_HOST = "$(BUILT_PRODUCTS_DIR)/Countries.app/$(BUNDLE_EXECUTABLE_FOLDER_PATH)/Countries";
			};
			name = Debug;
		};
		228969CD295E252F006D4D89 /* Release */ = {
			isa = XCBuildConfiguration;
			buildSettings = {
				ALWAYS_EMBED_SWIFT_STANDARD_LIBRARIES = YES;
				BUNDLE_LOADER = "$(TEST_HOST)";
				CODE_SIGN_STYLE = Automatic;
				CURRENT_PROJECT_VERSION = 1;
				DEVELOPMENT_TEAM = XGM98P9V33;
				GENERATE_INFOPLIST_FILE = YES;
				IPHONEOS_DEPLOYMENT_TARGET = 16.2;
				MACOSX_DEPLOYMENT_TARGET = 13.1;
				MARKETING_VERSION = 1.0;
				PRODUCT_BUNDLE_IDENTIFIER = com.bennerbr.CountriesTests;
				PRODUCT_NAME = "$(TARGET_NAME)";
				SDKROOT = auto;
				SUPPORTED_PLATFORMS = "iphoneos iphonesimulator macosx";
				SWIFT_EMIT_LOC_STRINGS = NO;
				SWIFT_VERSION = 5.0;
				TARGETED_DEVICE_FAMILY = "1,2";
				TEST_HOST = "$(BUILT_PRODUCTS_DIR)/Countries.app/$(BUNDLE_EXECUTABLE_FOLDER_PATH)/Countries";
			};
			name = Release;
		};
		228969CF295E252F006D4D89 /* Debug */ = {
			isa = XCBuildConfiguration;
			buildSettings = {
				ALWAYS_EMBED_SWIFT_STANDARD_LIBRARIES = YES;
				CODE_SIGN_STYLE = Automatic;
				CURRENT_PROJECT_VERSION = 1;
				DEVELOPMENT_TEAM = XGM98P9V33;
				GENERATE_INFOPLIST_FILE = YES;
				IPHONEOS_DEPLOYMENT_TARGET = 16.2;
				MACOSX_DEPLOYMENT_TARGET = 13.1;
				MARKETING_VERSION = 1.0;
				PRODUCT_BUNDLE_IDENTIFIER = com.bennerbr.CountriesUITests;
				PRODUCT_NAME = "$(TARGET_NAME)";
				SDKROOT = auto;
				SUPPORTED_PLATFORMS = "iphoneos iphonesimulator macosx";
				SWIFT_EMIT_LOC_STRINGS = NO;
				SWIFT_VERSION = 5.0;
				TARGETED_DEVICE_FAMILY = "1,2";
				TEST_TARGET_NAME = Countries;
			};
			name = Debug;
		};
		228969D0295E252F006D4D89 /* Release */ = {
			isa = XCBuildConfiguration;
			buildSettings = {
				ALWAYS_EMBED_SWIFT_STANDARD_LIBRARIES = YES;
				CODE_SIGN_STYLE = Automatic;
				CURRENT_PROJECT_VERSION = 1;
				DEVELOPMENT_TEAM = XGM98P9V33;
				GENERATE_INFOPLIST_FILE = YES;
				IPHONEOS_DEPLOYMENT_TARGET = 16.2;
				MACOSX_DEPLOYMENT_TARGET = 13.1;
				MARKETING_VERSION = 1.0;
				PRODUCT_BUNDLE_IDENTIFIER = com.bennerbr.CountriesUITests;
				PRODUCT_NAME = "$(TARGET_NAME)";
				SDKROOT = auto;
				SUPPORTED_PLATFORMS = "iphoneos iphonesimulator macosx";
				SWIFT_EMIT_LOC_STRINGS = NO;
				SWIFT_VERSION = 5.0;
				TARGETED_DEVICE_FAMILY = "1,2";
				TEST_TARGET_NAME = Countries;
			};
			name = Release;
		};
/* End XCBuildConfiguration section */

/* Begin XCConfigurationList section */
		2289699E295E252D006D4D89 /* Build configuration list for PBXProject "Countries" */ = {
			isa = XCConfigurationList;
			buildConfigurations = (
				228969C6295E252F006D4D89 /* Debug */,
				228969C7295E252F006D4D89 /* Release */,
			);
			defaultConfigurationIsVisible = 0;
			defaultConfigurationName = Release;
		};
		228969C8295E252F006D4D89 /* Build configuration list for PBXNativeTarget "Countries" */ = {
			isa = XCConfigurationList;
			buildConfigurations = (
				228969C9295E252F006D4D89 /* Debug */,
				228969CA295E252F006D4D89 /* Release */,
			);
			defaultConfigurationIsVisible = 0;
			defaultConfigurationName = Release;
		};
		228969CB295E252F006D4D89 /* Build configuration list for PBXNativeTarget "CountriesTests" */ = {
			isa = XCConfigurationList;
			buildConfigurations = (
				228969CC295E252F006D4D89 /* Debug */,
				228969CD295E252F006D4D89 /* Release */,
			);
			defaultConfigurationIsVisible = 0;
			defaultConfigurationName = Release;
		};
		228969CE295E252F006D4D89 /* Build configuration list for PBXNativeTarget "CountriesUITests" */ = {
			isa = XCConfigurationList;
			buildConfigurations = (
				228969CF295E252F006D4D89 /* Debug */,
				228969D0295E252F006D4D89 /* Release */,
			);
			defaultConfigurationIsVisible = 0;
			defaultConfigurationName = Release;
		};
/* End XCConfigurationList section */
	};
	rootObject = 2289699B295E252D006D4D89 /* Project object */;
}
